// !$*UTF8*$!
{
	archiveVersion = 1;
	classes = {
	};
	objectVersion = 46;
	objects = {

/* Begin PBXBuildFile section */
		3F102EB41CFC828D00A11E17 /* GTFGUIGradientPicker.cpp in Sources */ = {isa = PBXBuildFile; fileRef = 3F102EB21CFC828D00A11E17 /* GTFGUIGradientPicker.cpp */; };
		3F102EB51CFC828D00A11E17 /* GTFGUIGradientPicker.h in Headers */ = {isa = PBXBuildFile; fileRef = 3F102EB31CFC828D00A11E17 /* GTFGUIGradientPicker.h */; };
		3F102EBA1CFC82F100A11E17 /* GTFGradient.h in Headers */ = {isa = PBXBuildFile; fileRef = 3F102EB81CFC82F100A11E17 /* GTFGradient.h */; };
		3F102EBB1CFC870100A11E17 /* GTFGradient.cpp in Sources */ = {isa = PBXBuildFile; fileRef = 3F102EB71CFC82F100A11E17 /* GTFGradient.cpp */; };
		3F102EBE1CFCB8D900A11E17 /* GTFColor.cpp in Sources */ = {isa = PBXBuildFile; fileRef = 3F102EBC1CFCB8D900A11E17 /* GTFColor.cpp */; };
		3F102EBF1CFCB8D900A11E17 /* GTFColor.h in Headers */ = {isa = PBXBuildFile; fileRef = 3F102EBD1CFCB8D900A11E17 /* GTFColor.h */; };
		3F102EC21CFCD8DF00A11E17 /* GTFLangUtils.cpp in Sources */ = {isa = PBXBuildFile; fileRef = 3F102EC01CFCD8DF00A11E17 /* GTFLangUtils.cpp */; };
		3F102EC31CFCD8DF00A11E17 /* GTFLangUtils.h in Headers */ = {isa = PBXBuildFile; fileRef = 3F102EC11CFCD8DF00A11E17 /* GTFLangUtils.h */; };
		3F8CFBBB1CF3904300A33B95 /* imconfig.h in Headers */ = {isa = PBXBuildFile; fileRef = 3F8CFB131CF3904200A33B95 /* imconfig.h */; };
		3F8CFBBC1CF3904300A33B95 /* imgui.cpp in Sources */ = {isa = PBXBuildFile; fileRef = 3F8CFB141CF3904200A33B95 /* imgui.cpp */; };
		3F8CFBBD1CF3904300A33B95 /* imgui.h in Headers */ = {isa = PBXBuildFile; fileRef = 3F8CFB151CF3904200A33B95 /* imgui.h */; };
		3F8CFBBE1CF3904300A33B95 /* imgui_demo.cpp in Sources */ = {isa = PBXBuildFile; fileRef = 3F8CFB161CF3904200A33B95 /* imgui_demo.cpp */; };
		3F8CFBBF1CF3904300A33B95 /* imgui_draw.cpp in Sources */ = {isa = PBXBuildFile; fileRef = 3F8CFB171CF3904200A33B95 /* imgui_draw.cpp */; };
		3F8CFBC01CF3904300A33B95 /* imgui_extra_widgets.cpp in Sources */ = {isa = PBXBuildFile; fileRef = 3F8CFB181CF3904300A33B95 /* imgui_extra_widgets.cpp */; };
		3F8CFBC11CF3904300A33B95 /* imgui_extra_widgets.h in Headers */ = {isa = PBXBuildFile; fileRef = 3F8CFB191CF3904300A33B95 /* imgui_extra_widgets.h */; };
		3F8CFBC21CF3904300A33B95 /* imgui_internal.h in Headers */ = {isa = PBXBuildFile; fileRef = 3F8CFB1A1CF3904300A33B95 /* imgui_internal.h */; };
		3F8CFBC31CF3904300A33B95 /* imguidock.h in Headers */ = {isa = PBXBuildFile; fileRef = 3F8CFB1B1CF3904300A33B95 /* imguidock.h */; };
		3F8CFBC41CF3904300A33B95 /* stb_rect_pack.h in Headers */ = {isa = PBXBuildFile; fileRef = 3F8CFB1D1CF3904300A33B95 /* stb_rect_pack.h */; };
		3F8CFBC51CF3904300A33B95 /* stb_textedit.h in Headers */ = {isa = PBXBuildFile; fileRef = 3F8CFB1E1CF3904300A33B95 /* stb_textedit.h */; };
		3F8CFBC61CF3904300A33B95 /* stb_truetype.h in Headers */ = {isa = PBXBuildFile; fileRef = 3F8CFB1F1CF3904300A33B95 /* stb_truetype.h */; };
		3F8CFBC71CF3904300A33B95 /* glad.c in Sources */ = {isa = PBXBuildFile; fileRef = 3F8CFB221CF3904300A33B95 /* glad.c */; };
		3F8CFBC81CF3904300A33B95 /* glad.h in Headers */ = {isa = PBXBuildFile; fileRef = 3F8CFB231CF3904300A33B95 /* glad.h */; };
		3F8CFBC91CF3904300A33B95 /* khrplatform.h in Headers */ = {isa = PBXBuildFile; fileRef = 3F8CFB241CF3904300A33B95 /* khrplatform.h */; };
		3F8CFBCA1CF3904300A33B95 /* mikktspace.cpp in Sources */ = {isa = PBXBuildFile; fileRef = 3F8CFB251CF3904300A33B95 /* mikktspace.cpp */; };
		3F8CFBCB1CF3904300A33B95 /* mikktspace.h in Headers */ = {isa = PBXBuildFile; fileRef = 3F8CFB261CF3904300A33B95 /* mikktspace.h */; };
		3F8CFBCC1CF3904300A33B95 /* tiny_obj_loader.cc in Sources */ = {isa = PBXBuildFile; fileRef = 3F8CFB271CF3904300A33B95 /* tiny_obj_loader.cc */; };
		3F8CFBCD1CF3904300A33B95 /* tiny_obj_loader.h in Headers */ = {isa = PBXBuildFile; fileRef = 3F8CFB281CF3904300A33B95 /* tiny_obj_loader.h */; };
		3F8CFBCE1CF3904300A33B95 /* tinyfiledialogs.c in Sources */ = {isa = PBXBuildFile; fileRef = 3F8CFB291CF3904300A33B95 /* tinyfiledialogs.c */; };
		3F8CFBCF1CF3904300A33B95 /* tinyfiledialogs.h in Headers */ = {isa = PBXBuildFile; fileRef = 3F8CFB2A1CF3904300A33B95 /* tinyfiledialogs.h */; };
		3F8CFBDF1CF391D600A33B95 /* AppKit.framework in Frameworks */ = {isa = PBXBuildFile; fileRef = 3F8CFBDC1CF391BE00A33B95 /* AppKit.framework */; };
		3F8CFBF31CF3935100A33B95 /* main.cpp in Sources */ = {isa = PBXBuildFile; fileRef = 3F8CFBF21CF3935100A33B95 /* main.cpp */; };
		3F8CFC121CF39B4400A33B95 /* libgtf.a in Frameworks */ = {isa = PBXBuildFile; fileRef = 3F20694F1CED0F0300EB5FFA /* libgtf.a */; };
		3F8CFC131CF39B5000A33B95 /* AppKit.framework in Frameworks */ = {isa = PBXBuildFile; fileRef = 3F8CFBDC1CF391BE00A33B95 /* AppKit.framework */; };
		3F8CFC151CF39B5600A33B95 /* OpenGL.framework in Frameworks */ = {isa = PBXBuildFile; fileRef = 3F8CFC141CF39B5600A33B95 /* OpenGL.framework */; };
		3F8CFC181CF78AFA00A33B95 /* NoiseApp.cpp in Sources */ = {isa = PBXBuildFile; fileRef = 3F8CFC161CF78AFA00A33B95 /* NoiseApp.cpp */; };
		3F8CFC1B1CF793BA00A33B95 /* NoiseWindow.cpp in Sources */ = {isa = PBXBuildFile; fileRef = 3F8CFC191CF793BA00A33B95 /* NoiseWindow.cpp */; };
		3F9ACC511CFA19FE00A4A254 /* GTFGUIGraphEditor.cpp in Sources */ = {isa = PBXBuildFile; fileRef = 3F9ACC421CFA19FE00A4A254 /* GTFGUIGraphEditor.cpp */; };
		3F9ACC521CFA19FE00A4A254 /* GTFGUIGraphEditor.h in Headers */ = {isa = PBXBuildFile; fileRef = 3F9ACC431CFA19FE00A4A254 /* GTFGUIGraphEditor.h */; };
		3F9ACC531CFA19FE00A4A254 /* ImGuiSetup.h in Headers */ = {isa = PBXBuildFile; fileRef = 3F9ACC441CFA19FE00A4A254 /* ImGuiSetup.h */; };
		3F9ACC541CFA19FE00A4A254 /* ImGuiSetup_OGL3.cpp in Sources */ = {isa = PBXBuildFile; fileRef = 3F9ACC451CFA19FE00A4A254 /* ImGuiSetup_OGL3.cpp */; };
		3F9ACC551CFA19FE00A4A254 /* ImGuiSetup_Shared.cpp in Sources */ = {isa = PBXBuildFile; fileRef = 3F9ACC461CFA19FE00A4A254 /* ImGuiSetup_Shared.cpp */; };
		3F9ACC561CFA19FE00A4A254 /* GTFApp.cpp in Sources */ = {isa = PBXBuildFile; fileRef = 3F9ACC481CFA19FE00A4A254 /* GTFApp.cpp */; };
		3F9ACC571CFA19FE00A4A254 /* GTFApp.h in Headers */ = {isa = PBXBuildFile; fileRef = 3F9ACC491CFA19FE00A4A254 /* GTFApp.h */; };
		3F9ACC581CFA19FE00A4A254 /* GTFAppMac.mm in Sources */ = {isa = PBXBuildFile; fileRef = 3F9ACC4A1CFA19FE00A4A254 /* GTFAppMac.mm */; };
		3F9ACC591CFA19FE00A4A254 /* GTFAppWin.cpp in Sources */ = {isa = PBXBuildFile; fileRef = 3F9ACC4B1CFA19FE00A4A254 /* GTFAppWin.cpp */; };
		3F9ACC5A1CFA19FE00A4A254 /* GTFWindow.cpp in Sources */ = {isa = PBXBuildFile; fileRef = 3F9ACC4C1CFA19FE00A4A254 /* GTFWindow.cpp */; };
		3F9ACC5B1CFA19FE00A4A254 /* GTFWindow.h in Headers */ = {isa = PBXBuildFile; fileRef = 3F9ACC4D1CFA19FE00A4A254 /* GTFWindow.h */; };
		3F9ACC5C1CFA19FE00A4A254 /* GTFWindowMac.mm in Sources */ = {isa = PBXBuildFile; fileRef = 3F9ACC4E1CFA19FE00A4A254 /* GTFWindowMac.mm */; };
		3F9ACC5D1CFA19FE00A4A254 /* GTFWindowWin.cpp in Sources */ = {isa = PBXBuildFile; fileRef = 3F9ACC4F1CFA19FE00A4A254 /* GTFWindowWin.cpp */; };
		3F9ACC601CFB0BD800A4A254 /* PerlinNoise.cpp in Sources */ = {isa = PBXBuildFile; fileRef = 3F9ACC5E1CFB0BD700A4A254 /* PerlinNoise.cpp */; };
		3F9ACC631CFB0C0E00A4A254 /* stb_image_write.h in Headers */ = {isa = PBXBuildFile; fileRef = 3F9ACC611CFB0C0E00A4A254 /* stb_image_write.h */; };
		3F9ACC641CFB0C0E00A4A254 /* stb_image.h in Headers */ = {isa = PBXBuildFile; fileRef = 3F9ACC621CFB0C0E00A4A254 /* stb_image.h */; };
		3F9ACC6A1CFB0CD700A4A254 /* GTFOpenGLRHI.h in Headers */ = {isa = PBXBuildFile; fileRef = 3F9ACC661CFB0CD700A4A254 /* GTFOpenGLRHI.h */; };
		3F9ACC6B1CFB0CD700A4A254 /* GTFRHI.cpp in Sources */ = {isa = PBXBuildFile; fileRef = 3F9ACC671CFB0CD700A4A254 /* GTFRHI.cpp */; };
		3F9ACC6C1CFB0CD700A4A254 /* GTFRHI.h in Headers */ = {isa = PBXBuildFile; fileRef = 3F9ACC681CFB0CD700A4A254 /* GTFRHI.h */; };
		3F9ACC6E1CFB0CE200A4A254 /* GTFOpenGLRHI.cpp in Sources */ = {isa = PBXBuildFile; fileRef = 3F9ACC6D1CFB0CE200A4A254 /* GTFOpenGLRHI.cpp */; };
		3F9ACC711CFB2A8400A4A254 /* GeneratorWorker.cpp in Sources */ = {isa = PBXBuildFile; fileRef = 3F9ACC6F1CFB2A8400A4A254 /* GeneratorWorker.cpp */; };
/* End PBXBuildFile section */

/* Begin PBXCopyFilesBuildPhase section */
		3F8CFBE21CF3928800A33B95 /* CopyFiles */ = {
			isa = PBXCopyFilesBuildPhase;
			buildActionMask = 2147483647;
			dstPath = /usr/share/man/man1/;
			dstSubfolderSpec = 0;
			files = (
			);
			runOnlyForDeploymentPostprocessing = 1;
		};
/* End PBXCopyFilesBuildPhase section */

/* Begin PBXFileReference section */
		3F102EB21CFC828D00A11E17 /* GTFGUIGradientPicker.cpp */ = {isa = PBXFileReference; fileEncoding = 4; lastKnownFileType = sourcecode.cpp.cpp; path = GTFGUIGradientPicker.cpp; sourceTree = "<group>"; };
		3F102EB31CFC828D00A11E17 /* GTFGUIGradientPicker.h */ = {isa = PBXFileReference; fileEncoding = 4; lastKnownFileType = sourcecode.c.h; path = GTFGUIGradientPicker.h; sourceTree = "<group>"; };
		3F102EB71CFC82F100A11E17 /* GTFGradient.cpp */ = {isa = PBXFileReference; fileEncoding = 4; lastKnownFileType = sourcecode.cpp.cpp; path = GTFGradient.cpp; sourceTree = "<group>"; };
		3F102EB81CFC82F100A11E17 /* GTFGradient.h */ = {isa = PBXFileReference; fileEncoding = 4; lastKnownFileType = sourcecode.c.h; path = GTFGradient.h; sourceTree = "<group>"; };
		3F102EBC1CFCB8D900A11E17 /* GTFColor.cpp */ = {isa = PBXFileReference; fileEncoding = 4; lastKnownFileType = sourcecode.cpp.cpp; path = GTFColor.cpp; sourceTree = "<group>"; };
		3F102EBD1CFCB8D900A11E17 /* GTFColor.h */ = {isa = PBXFileReference; fileEncoding = 4; lastKnownFileType = sourcecode.c.h; path = GTFColor.h; sourceTree = "<group>"; };
		3F102EC01CFCD8DF00A11E17 /* GTFLangUtils.cpp */ = {isa = PBXFileReference; fileEncoding = 4; lastKnownFileType = sourcecode.cpp.cpp; path = GTFLangUtils.cpp; sourceTree = "<group>"; };
		3F102EC11CFCD8DF00A11E17 /* GTFLangUtils.h */ = {isa = PBXFileReference; fileEncoding = 4; lastKnownFileType = sourcecode.c.h; path = GTFLangUtils.h; sourceTree = "<group>"; };
		3F20694F1CED0F0300EB5FFA /* libgtf.a */ = {isa = PBXFileReference; explicitFileType = archive.ar; includeInIndex = 0; path = libgtf.a; sourceTree = BUILT_PRODUCTS_DIR; };
		3F8CFB131CF3904200A33B95 /* imconfig.h */ = {isa = PBXFileReference; fileEncoding = 4; lastKnownFileType = sourcecode.c.h; path = imconfig.h; sourceTree = "<group>"; };
		3F8CFB141CF3904200A33B95 /* imgui.cpp */ = {isa = PBXFileReference; fileEncoding = 4; lastKnownFileType = sourcecode.cpp.cpp; path = imgui.cpp; sourceTree = "<group>"; };
		3F8CFB151CF3904200A33B95 /* imgui.h */ = {isa = PBXFileReference; fileEncoding = 4; lastKnownFileType = sourcecode.c.h; path = imgui.h; sourceTree = "<group>"; };
		3F8CFB161CF3904200A33B95 /* imgui_demo.cpp */ = {isa = PBXFileReference; fileEncoding = 4; lastKnownFileType = sourcecode.cpp.cpp; path = imgui_demo.cpp; sourceTree = "<group>"; };
		3F8CFB171CF3904200A33B95 /* imgui_draw.cpp */ = {isa = PBXFileReference; fileEncoding = 4; lastKnownFileType = sourcecode.cpp.cpp; path = imgui_draw.cpp; sourceTree = "<group>"; };
		3F8CFB181CF3904300A33B95 /* imgui_extra_widgets.cpp */ = {isa = PBXFileReference; fileEncoding = 4; lastKnownFileType = sourcecode.cpp.cpp; path = imgui_extra_widgets.cpp; sourceTree = "<group>"; };
		3F8CFB191CF3904300A33B95 /* imgui_extra_widgets.h */ = {isa = PBXFileReference; fileEncoding = 4; lastKnownFileType = sourcecode.c.h; path = imgui_extra_widgets.h; sourceTree = "<group>"; };
		3F8CFB1A1CF3904300A33B95 /* imgui_internal.h */ = {isa = PBXFileReference; fileEncoding = 4; lastKnownFileType = sourcecode.c.h; path = imgui_internal.h; sourceTree = "<group>"; };
		3F8CFB1B1CF3904300A33B95 /* imguidock.h */ = {isa = PBXFileReference; fileEncoding = 4; lastKnownFileType = sourcecode.c.h; path = imguidock.h; sourceTree = "<group>"; };
		3F8CFB1C1CF3904300A33B95 /* imguidock.inl */ = {isa = PBXFileReference; fileEncoding = 4; lastKnownFileType = text; path = imguidock.inl; sourceTree = "<group>"; };
		3F8CFB1D1CF3904300A33B95 /* stb_rect_pack.h */ = {isa = PBXFileReference; fileEncoding = 4; lastKnownFileType = sourcecode.c.h; path = stb_rect_pack.h; sourceTree = "<group>"; };
		3F8CFB1E1CF3904300A33B95 /* stb_textedit.h */ = {isa = PBXFileReference; fileEncoding = 4; lastKnownFileType = sourcecode.c.h; path = stb_textedit.h; sourceTree = "<group>"; };
		3F8CFB1F1CF3904300A33B95 /* stb_truetype.h */ = {isa = PBXFileReference; fileEncoding = 4; lastKnownFileType = sourcecode.c.h; path = stb_truetype.h; sourceTree = "<group>"; };
		3F8CFB221CF3904300A33B95 /* glad.c */ = {isa = PBXFileReference; fileEncoding = 4; lastKnownFileType = sourcecode.c.c; path = glad.c; sourceTree = "<group>"; };
		3F8CFB231CF3904300A33B95 /* glad.h */ = {isa = PBXFileReference; fileEncoding = 4; lastKnownFileType = sourcecode.c.h; path = glad.h; sourceTree = "<group>"; };
		3F8CFB241CF3904300A33B95 /* khrplatform.h */ = {isa = PBXFileReference; fileEncoding = 4; lastKnownFileType = sourcecode.c.h; path = khrplatform.h; sourceTree = "<group>"; };
		3F8CFB251CF3904300A33B95 /* mikktspace.cpp */ = {isa = PBXFileReference; fileEncoding = 4; lastKnownFileType = sourcecode.cpp.cpp; path = mikktspace.cpp; sourceTree = "<group>"; };
		3F8CFB261CF3904300A33B95 /* mikktspace.h */ = {isa = PBXFileReference; fileEncoding = 4; lastKnownFileType = sourcecode.c.h; path = mikktspace.h; sourceTree = "<group>"; };
		3F8CFB271CF3904300A33B95 /* tiny_obj_loader.cc */ = {isa = PBXFileReference; fileEncoding = 4; lastKnownFileType = sourcecode.cpp.cpp; path = tiny_obj_loader.cc; sourceTree = "<group>"; };
		3F8CFB281CF3904300A33B95 /* tiny_obj_loader.h */ = {isa = PBXFileReference; fileEncoding = 4; lastKnownFileType = sourcecode.c.h; path = tiny_obj_loader.h; sourceTree = "<group>"; };
		3F8CFB291CF3904300A33B95 /* tinyfiledialogs.c */ = {isa = PBXFileReference; fileEncoding = 4; lastKnownFileType = sourcecode.c.c; path = tinyfiledialogs.c; sourceTree = "<group>"; };
		3F8CFB2A1CF3904300A33B95 /* tinyfiledialogs.h */ = {isa = PBXFileReference; fileEncoding = 4; lastKnownFileType = sourcecode.c.h; path = tinyfiledialogs.h; sourceTree = "<group>"; };
		3F8CFBDC1CF391BE00A33B95 /* AppKit.framework */ = {isa = PBXFileReference; lastKnownFileType = wrapper.framework; name = AppKit.framework; path = System/Library/Frameworks/AppKit.framework; sourceTree = SDKROOT; };
		3F8CFBE41CF3928800A33B95 /* NoiseGenerator */ = {isa = PBXFileReference; explicitFileType = "compiled.mach-o.executable"; includeInIndex = 0; path = NoiseGenerator; sourceTree = BUILT_PRODUCTS_DIR; };
		3F8CFBF21CF3935100A33B95 /* main.cpp */ = {isa = PBXFileReference; fileEncoding = 4; lastKnownFileType = sourcecode.cpp.cpp; path = main.cpp; sourceTree = "<group>"; };
		3F8CFC141CF39B5600A33B95 /* OpenGL.framework */ = {isa = PBXFileReference; lastKnownFileType = wrapper.framework; name = OpenGL.framework; path = System/Library/Frameworks/OpenGL.framework; sourceTree = SDKROOT; };
		3F8CFC161CF78AFA00A33B95 /* NoiseApp.cpp */ = {isa = PBXFileReference; fileEncoding = 4; lastKnownFileType = sourcecode.cpp.cpp; path = NoiseApp.cpp; sourceTree = "<group>"; };
		3F8CFC171CF78AFA00A33B95 /* NoiseApp.h */ = {isa = PBXFileReference; fileEncoding = 4; lastKnownFileType = sourcecode.c.h; path = NoiseApp.h; sourceTree = "<group>"; };
		3F8CFC191CF793BA00A33B95 /* NoiseWindow.cpp */ = {isa = PBXFileReference; fileEncoding = 4; lastKnownFileType = sourcecode.cpp.cpp; path = NoiseWindow.cpp; sourceTree = "<group>"; };
		3F8CFC1A1CF793BA00A33B95 /* NoiseWindow.h */ = {isa = PBXFileReference; fileEncoding = 4; lastKnownFileType = sourcecode.c.h; path = NoiseWindow.h; sourceTree = "<group>"; };
		3F9ACC421CFA19FE00A4A254 /* GTFGUIGraphEditor.cpp */ = {isa = PBXFileReference; fileEncoding = 4; lastKnownFileType = sourcecode.cpp.cpp; path = GTFGUIGraphEditor.cpp; sourceTree = "<group>"; };
		3F9ACC431CFA19FE00A4A254 /* GTFGUIGraphEditor.h */ = {isa = PBXFileReference; fileEncoding = 4; lastKnownFileType = sourcecode.c.h; path = GTFGUIGraphEditor.h; sourceTree = "<group>"; };
		3F9ACC441CFA19FE00A4A254 /* ImGuiSetup.h */ = {isa = PBXFileReference; fileEncoding = 4; lastKnownFileType = sourcecode.c.h; path = ImGuiSetup.h; sourceTree = "<group>"; };
		3F9ACC451CFA19FE00A4A254 /* ImGuiSetup_OGL3.cpp */ = {isa = PBXFileReference; fileEncoding = 4; lastKnownFileType = sourcecode.cpp.cpp; path = ImGuiSetup_OGL3.cpp; sourceTree = "<group>"; };
		3F9ACC461CFA19FE00A4A254 /* ImGuiSetup_Shared.cpp */ = {isa = PBXFileReference; fileEncoding = 4; lastKnownFileType = sourcecode.cpp.cpp; path = ImGuiSetup_Shared.cpp; sourceTree = "<group>"; };
		3F9ACC481CFA19FE00A4A254 /* GTFApp.cpp */ = {isa = PBXFileReference; fileEncoding = 4; lastKnownFileType = sourcecode.cpp.cpp; path = GTFApp.cpp; sourceTree = "<group>"; };
		3F9ACC491CFA19FE00A4A254 /* GTFApp.h */ = {isa = PBXFileReference; fileEncoding = 4; lastKnownFileType = sourcecode.c.h; path = GTFApp.h; sourceTree = "<group>"; };
		3F9ACC4A1CFA19FE00A4A254 /* GTFAppMac.mm */ = {isa = PBXFileReference; fileEncoding = 4; lastKnownFileType = sourcecode.cpp.objcpp; path = GTFAppMac.mm; sourceTree = "<group>"; };
		3F9ACC4B1CFA19FE00A4A254 /* GTFAppWin.cpp */ = {isa = PBXFileReference; fileEncoding = 4; lastKnownFileType = sourcecode.cpp.cpp; path = GTFAppWin.cpp; sourceTree = "<group>"; };
		3F9ACC4C1CFA19FE00A4A254 /* GTFWindow.cpp */ = {isa = PBXFileReference; fileEncoding = 4; lastKnownFileType = sourcecode.cpp.cpp; path = GTFWindow.cpp; sourceTree = "<group>"; };
		3F9ACC4D1CFA19FE00A4A254 /* GTFWindow.h */ = {isa = PBXFileReference; fileEncoding = 4; lastKnownFileType = sourcecode.c.h; path = GTFWindow.h; sourceTree = "<group>"; };
		3F9ACC4E1CFA19FE00A4A254 /* GTFWindowMac.mm */ = {isa = PBXFileReference; fileEncoding = 4; lastKnownFileType = sourcecode.cpp.objcpp; path = GTFWindowMac.mm; sourceTree = "<group>"; };
		3F9ACC4F1CFA19FE00A4A254 /* GTFWindowWin.cpp */ = {isa = PBXFileReference; fileEncoding = 4; lastKnownFileType = sourcecode.cpp.cpp; path = GTFWindowWin.cpp; sourceTree = "<group>"; };
		3F9ACC5E1CFB0BD700A4A254 /* PerlinNoise.cpp */ = {isa = PBXFileReference; fileEncoding = 4; lastKnownFileType = sourcecode.cpp.cpp; path = PerlinNoise.cpp; sourceTree = "<group>"; };
		3F9ACC5F1CFB0BD700A4A254 /* PerlinNoise.h */ = {isa = PBXFileReference; fileEncoding = 4; lastKnownFileType = sourcecode.c.h; path = PerlinNoise.h; sourceTree = "<group>"; };
		3F9ACC611CFB0C0E00A4A254 /* stb_image_write.h */ = {isa = PBXFileReference; fileEncoding = 4; lastKnownFileType = sourcecode.c.h; path = stb_image_write.h; sourceTree = "<group>"; };
		3F9ACC621CFB0C0E00A4A254 /* stb_image.h */ = {isa = PBXFileReference; fileEncoding = 4; lastKnownFileType = sourcecode.c.h; path = stb_image.h; sourceTree = "<group>"; };
		3F9ACC661CFB0CD700A4A254 /* GTFOpenGLRHI.h */ = {isa = PBXFileReference; fileEncoding = 4; lastKnownFileType = sourcecode.c.h; path = GTFOpenGLRHI.h; sourceTree = "<group>"; };
		3F9ACC671CFB0CD700A4A254 /* GTFRHI.cpp */ = {isa = PBXFileReference; fileEncoding = 4; lastKnownFileType = sourcecode.cpp.cpp; path = GTFRHI.cpp; sourceTree = "<group>"; };
		3F9ACC681CFB0CD700A4A254 /* GTFRHI.h */ = {isa = PBXFileReference; fileEncoding = 4; lastKnownFileType = sourcecode.c.h; path = GTFRHI.h; sourceTree = "<group>"; };
		3F9ACC6D1CFB0CE200A4A254 /* GTFOpenGLRHI.cpp */ = {isa = PBXFileReference; fileEncoding = 4; lastKnownFileType = sourcecode.cpp.cpp; path = GTFOpenGLRHI.cpp; sourceTree = "<group>"; };
		3F9ACC6F1CFB2A8400A4A254 /* GeneratorWorker.cpp */ = {isa = PBXFileReference; fileEncoding = 4; lastKnownFileType = sourcecode.cpp.cpp; path = GeneratorWorker.cpp; sourceTree = "<group>"; };
		3F9ACC701CFB2A8400A4A254 /* GeneratorWorker.h */ = {isa = PBXFileReference; fileEncoding = 4; lastKnownFileType = sourcecode.c.h; path = GeneratorWorker.h; sourceTree = "<group>"; };
/* End PBXFileReference section */

/* Begin PBXFrameworksBuildPhase section */
		3F20694C1CED0F0300EB5FFA /* Frameworks */ = {
			isa = PBXFrameworksBuildPhase;
			buildActionMask = 2147483647;
			files = (
				3F8CFBDF1CF391D600A33B95 /* AppKit.framework in Frameworks */,
			);
			runOnlyForDeploymentPostprocessing = 0;
		};
		3F8CFBE11CF3928800A33B95 /* Frameworks */ = {
			isa = PBXFrameworksBuildPhase;
			buildActionMask = 2147483647;
			files = (
				3F8CFC151CF39B5600A33B95 /* OpenGL.framework in Frameworks */,
				3F8CFC131CF39B5000A33B95 /* AppKit.framework in Frameworks */,
				3F8CFC121CF39B4400A33B95 /* libgtf.a in Frameworks */,
			);
			runOnlyForDeploymentPostprocessing = 0;
		};
/* End PBXFrameworksBuildPhase section */

/* Begin PBXGroup section */
		3F102EB61CFC82C600A11E17 /* utility */ = {
			isa = PBXGroup;
			children = (
				3F102EB71CFC82F100A11E17 /* GTFGradient.cpp */,
				3F102EB81CFC82F100A11E17 /* GTFGradient.h */,
				3F102EBC1CFCB8D900A11E17 /* GTFColor.cpp */,
				3F102EBD1CFCB8D900A11E17 /* GTFColor.h */,
				3F102EC01CFCD8DF00A11E17 /* GTFLangUtils.cpp */,
				3F102EC11CFCD8DF00A11E17 /* GTFLangUtils.h */,
			);
			path = utility;
			sourceTree = "<group>";
		};
		3F2069461CED0F0300EB5FFA = {
			isa = PBXGroup;
			children = (
				3F8CFBED1CF3929F00A33B95 /* examples */,
				3F8CFA0D1CF3904200A33B95 /* src */,
				3F8CFBDE1CF391C500A33B95 /* Frameworks */,
				3F2069501CED0F0300EB5FFA /* Products */,
			);
			sourceTree = "<group>";
		};
		3F2069501CED0F0300EB5FFA /* Products */ = {
			isa = PBXGroup;
			children = (
				3F20694F1CED0F0300EB5FFA /* libgtf.a */,
				3F8CFBE41CF3928800A33B95 /* NoiseGenerator */,
			);
			name = Products;
			sourceTree = "<group>";
		};
		3F8CFA0D1CF3904200A33B95 /* src */ = {
			isa = PBXGroup;
			children = (
				3F8CFBFC1CF3948F00A33B95 /* gtf */,
				3F8CFA0F1CF3904200A33B95 /* thirdparty */,
			);
			name = src;
			path = ../../src;
			sourceTree = "<group>";
		};
		3F8CFA0F1CF3904200A33B95 /* thirdparty */ = {
			isa = PBXGroup;
			children = (
				3F8CFA101CF3904200A33B95 /* glm */,
				3F8CFB121CF3904200A33B95 /* imgui */,
				3F8CFB201CF3904300A33B95 /* stb */,
				3F8CFB211CF3904300A33B95 /* tinylibs */,
			);
			path = thirdparty;
			sourceTree = "<group>";
		};
		3F8CFA101CF3904200A33B95 /* glm */ = {
			isa = PBXGroup;
			children = (
			);
			path = glm;
			sourceTree = "<group>";
		};
		3F8CFB121CF3904200A33B95 /* imgui */ = {
			isa = PBXGroup;
			children = (
				3F8CFB131CF3904200A33B95 /* imconfig.h */,
				3F8CFB141CF3904200A33B95 /* imgui.cpp */,
				3F8CFB151CF3904200A33B95 /* imgui.h */,
				3F8CFB161CF3904200A33B95 /* imgui_demo.cpp */,
				3F8CFB171CF3904200A33B95 /* imgui_draw.cpp */,
				3F8CFB181CF3904300A33B95 /* imgui_extra_widgets.cpp */,
				3F8CFB191CF3904300A33B95 /* imgui_extra_widgets.h */,
				3F8CFB1A1CF3904300A33B95 /* imgui_internal.h */,
				3F8CFB1B1CF3904300A33B95 /* imguidock.h */,
				3F8CFB1C1CF3904300A33B95 /* imguidock.inl */,
				3F8CFB1D1CF3904300A33B95 /* stb_rect_pack.h */,
				3F8CFB1E1CF3904300A33B95 /* stb_textedit.h */,
				3F8CFB1F1CF3904300A33B95 /* stb_truetype.h */,
			);
			path = imgui;
			sourceTree = "<group>";
		};
		3F8CFB201CF3904300A33B95 /* stb */ = {
			isa = PBXGroup;
			children = (
				3F9ACC611CFB0C0E00A4A254 /* stb_image_write.h */,
				3F9ACC621CFB0C0E00A4A254 /* stb_image.h */,
			);
			path = stb;
			sourceTree = "<group>";
		};
		3F8CFB211CF3904300A33B95 /* tinylibs */ = {
			isa = PBXGroup;
			children = (
				3F8CFB221CF3904300A33B95 /* glad.c */,
				3F8CFB231CF3904300A33B95 /* glad.h */,
				3F8CFB241CF3904300A33B95 /* khrplatform.h */,
				3F8CFB251CF3904300A33B95 /* mikktspace.cpp */,
				3F8CFB261CF3904300A33B95 /* mikktspace.h */,
				3F8CFB271CF3904300A33B95 /* tiny_obj_loader.cc */,
				3F8CFB281CF3904300A33B95 /* tiny_obj_loader.h */,
				3F8CFB291CF3904300A33B95 /* tinyfiledialogs.c */,
				3F8CFB2A1CF3904300A33B95 /* tinyfiledialogs.h */,
			);
			path = tinylibs;
			sourceTree = "<group>";
		};
		3F8CFBDE1CF391C500A33B95 /* Frameworks */ = {
			isa = PBXGroup;
			children = (
				3F8CFC141CF39B5600A33B95 /* OpenGL.framework */,
				3F8CFBDC1CF391BE00A33B95 /* AppKit.framework */,
			);
			name = Frameworks;
			sourceTree = "<group>";
		};
		3F8CFBED1CF3929F00A33B95 /* examples */ = {
			isa = PBXGroup;
			children = (
				3F8CFBEF1CF392D000A33B95 /* NoiseGenerator */,
			);
			name = examples;
			path = ../../examples;
			sourceTree = "<group>";
		};
		3F8CFBEF1CF392D000A33B95 /* NoiseGenerator */ = {
			isa = PBXGroup;
			children = (
				3F8CFBF21CF3935100A33B95 /* main.cpp */,
				3F8CFC161CF78AFA00A33B95 /* NoiseApp.cpp */,
				3F8CFC171CF78AFA00A33B95 /* NoiseApp.h */,
				3F8CFC191CF793BA00A33B95 /* NoiseWindow.cpp */,
				3F8CFC1A1CF793BA00A33B95 /* NoiseWindow.h */,
				3F9ACC5E1CFB0BD700A4A254 /* PerlinNoise.cpp */,
				3F9ACC5F1CFB0BD700A4A254 /* PerlinNoise.h */,
				3F9ACC6F1CFB2A8400A4A254 /* GeneratorWorker.cpp */,
				3F9ACC701CFB2A8400A4A254 /* GeneratorWorker.h */,
			);
			path = NoiseGenerator;
			sourceTree = "<group>";
		};
		3F8CFBFC1CF3948F00A33B95 /* gtf */ = {
			isa = PBXGroup;
			children = (
				3F102EB61CFC82C600A11E17 /* utility */,
				3F9ACC411CFA19FE00A4A254 /* gui */,
				3F9ACC471CFA19FE00A4A254 /* iosys */,
				3F9ACC501CFA19FE00A4A254 /* render */,
			);
			path = gtf;
			sourceTree = "<group>";
		};
		3F9ACC411CFA19FE00A4A254 /* gui */ = {
			isa = PBXGroup;
			children = (
				3F9ACC441CFA19FE00A4A254 /* ImGuiSetup.h */,
				3F9ACC451CFA19FE00A4A254 /* ImGuiSetup_OGL3.cpp */,
				3F9ACC461CFA19FE00A4A254 /* ImGuiSetup_Shared.cpp */,
				3F9ACC421CFA19FE00A4A254 /* GTFGUIGraphEditor.cpp */,
				3F9ACC431CFA19FE00A4A254 /* GTFGUIGraphEditor.h */,
				3F102EB21CFC828D00A11E17 /* GTFGUIGradientPicker.cpp */,
				3F102EB31CFC828D00A11E17 /* GTFGUIGradientPicker.h */,
			);
			path = gui;
			sourceTree = "<group>";
		};
		3F9ACC471CFA19FE00A4A254 /* iosys */ = {
			isa = PBXGroup;
			children = (
				3F9ACC481CFA19FE00A4A254 /* GTFApp.cpp */,
				3F9ACC491CFA19FE00A4A254 /* GTFApp.h */,
				3F9ACC4A1CFA19FE00A4A254 /* GTFAppMac.mm */,
				3F9ACC4B1CFA19FE00A4A254 /* GTFAppWin.cpp */,
				3F9ACC4C1CFA19FE00A4A254 /* GTFWindow.cpp */,
				3F9ACC4D1CFA19FE00A4A254 /* GTFWindow.h */,
				3F9ACC4E1CFA19FE00A4A254 /* GTFWindowMac.mm */,
				3F9ACC4F1CFA19FE00A4A254 /* GTFWindowWin.cpp */,
			);
			path = iosys;
			sourceTree = "<group>";
		};
		3F9ACC501CFA19FE00A4A254 /* render */ = {
			isa = PBXGroup;
			children = (
				3F9ACC6D1CFB0CE200A4A254 /* GTFOpenGLRHI.cpp */,
				3F9ACC661CFB0CD700A4A254 /* GTFOpenGLRHI.h */,
				3F9ACC671CFB0CD700A4A254 /* GTFRHI.cpp */,
				3F9ACC681CFB0CD700A4A254 /* GTFRHI.h */,
			);
			path = render;
			sourceTree = "<group>";
		};
/* End PBXGroup section */

/* Begin PBXHeadersBuildPhase section */
		3F20694D1CED0F0300EB5FFA /* Headers */ = {
			isa = PBXHeadersBuildPhase;
			buildActionMask = 2147483647;
			files = (
				3F8CFBC91CF3904300A33B95 /* khrplatform.h in Headers */,
				3F9ACC521CFA19FE00A4A254 /* GTFGUIGraphEditor.h in Headers */,
				3F8CFBC41CF3904300A33B95 /* stb_rect_pack.h in Headers */,
				3F9ACC6C1CFB0CD700A4A254 /* GTFRHI.h in Headers */,
				3F8CFBC31CF3904300A33B95 /* imguidock.h in Headers */,
				3F8CFBCF1CF3904300A33B95 /* tinyfiledialogs.h in Headers */,
				3F9ACC5B1CFA19FE00A4A254 /* GTFWindow.h in Headers */,
				3F8CFBCB1CF3904300A33B95 /* mikktspace.h in Headers */,
				3F102EBF1CFCB8D900A11E17 /* GTFColor.h in Headers */,
				3F102EBA1CFC82F100A11E17 /* GTFGradient.h in Headers */,
				3F102EB51CFC828D00A11E17 /* GTFGUIGradientPicker.h in Headers */,
				3F8CFBC51CF3904300A33B95 /* stb_textedit.h in Headers */,
				3F8CFBC61CF3904300A33B95 /* stb_truetype.h in Headers */,
				3F9ACC531CFA19FE00A4A254 /* ImGuiSetup.h in Headers */,
				3F8CFBC11CF3904300A33B95 /* imgui_extra_widgets.h in Headers */,
				3F8CFBBB1CF3904300A33B95 /* imconfig.h in Headers */,
				3F102EC31CFCD8DF00A11E17 /* GTFLangUtils.h in Headers */,
				3F9ACC571CFA19FE00A4A254 /* GTFApp.h in Headers */,
				3F9ACC641CFB0C0E00A4A254 /* stb_image.h in Headers */,
				3F8CFBBD1CF3904300A33B95 /* imgui.h in Headers */,
				3F8CFBCD1CF3904300A33B95 /* tiny_obj_loader.h in Headers */,
				3F8CFBC81CF3904300A33B95 /* glad.h in Headers */,
				3F8CFBC21CF3904300A33B95 /* imgui_internal.h in Headers */,
				3F9ACC6A1CFB0CD700A4A254 /* GTFOpenGLRHI.h in Headers */,
				3F9ACC631CFB0C0E00A4A254 /* stb_image_write.h in Headers */,
			);
			runOnlyForDeploymentPostprocessing = 0;
		};
/* End PBXHeadersBuildPhase section */

/* Begin PBXNativeTarget section */
		3F20694E1CED0F0300EB5FFA /* gtf */ = {
			isa = PBXNativeTarget;
			buildConfigurationList = 3F2069531CED0F0300EB5FFA /* Build configuration list for PBXNativeTarget "gtf" */;
			buildPhases = (
				3F20694B1CED0F0300EB5FFA /* Sources */,
				3F20694C1CED0F0300EB5FFA /* Frameworks */,
				3F20694D1CED0F0300EB5FFA /* Headers */,
			);
			buildRules = (
			);
			dependencies = (
			);
			name = gtf;
			productName = gtf;
			productReference = 3F20694F1CED0F0300EB5FFA /* libgtf.a */;
			productType = "com.apple.product-type.library.static";
		};
		3F8CFBE31CF3928800A33B95 /* NoiseGenerator */ = {
			isa = PBXNativeTarget;
			buildConfigurationList = 3F8CFBEA1CF3928900A33B95 /* Build configuration list for PBXNativeTarget "NoiseGenerator" */;
			buildPhases = (
				3F8CFBE01CF3928800A33B95 /* Sources */,
				3F8CFBE11CF3928800A33B95 /* Frameworks */,
				3F8CFBE21CF3928800A33B95 /* CopyFiles */,
			);
			buildRules = (
			);
			dependencies = (
			);
			name = NoiseGenerator;
			productName = NoiseGenerator;
			productReference = 3F8CFBE41CF3928800A33B95 /* NoiseGenerator */;
			productType = "com.apple.product-type.tool";
		};
/* End PBXNativeTarget section */

/* Begin PBXProject section */
		3F2069471CED0F0300EB5FFA /* Project object */ = {
			isa = PBXProject;
			attributes = {
				LastUpgradeCheck = 0510;
				ORGANIZATIONNAME = "GTF Development Group";
			};
			buildConfigurationList = 3F20694A1CED0F0300EB5FFA /* Build configuration list for PBXProject "gtf" */;
			compatibilityVersion = "Xcode 3.2";
			developmentRegion = English;
			hasScannedForEncodings = 0;
			knownRegions = (
				en,
			);
			mainGroup = 3F2069461CED0F0300EB5FFA;
			productRefGroup = 3F2069501CED0F0300EB5FFA /* Products */;
			projectDirPath = "";
			projectRoot = "";
			targets = (
				3F20694E1CED0F0300EB5FFA /* gtf */,
				3F8CFBE31CF3928800A33B95 /* NoiseGenerator */,
			);
		};
/* End PBXProject section */

/* Begin PBXSourcesBuildPhase section */
		3F20694B1CED0F0300EB5FFA /* Sources */ = {
			isa = PBXSourcesBuildPhase;
			buildActionMask = 2147483647;
			files = (
				3F9ACC6B1CFB0CD700A4A254 /* GTFRHI.cpp in Sources */,
				3F8CFBC01CF3904300A33B95 /* imgui_extra_widgets.cpp in Sources */,
				3F8CFBCA1CF3904300A33B95 /* mikktspace.cpp in Sources */,
				3F9ACC541CFA19FE00A4A254 /* ImGuiSetup_OGL3.cpp in Sources */,
				3F9ACC581CFA19FE00A4A254 /* GTFAppMac.mm in Sources */,
				3F9ACC551CFA19FE00A4A254 /* ImGuiSetup_Shared.cpp in Sources */,
				3F9ACC5D1CFA19FE00A4A254 /* GTFWindowWin.cpp in Sources */,
				3F102EBE1CFCB8D900A11E17 /* GTFColor.cpp in Sources */,
				3F8CFBBE1CF3904300A33B95 /* imgui_demo.cpp in Sources */,
				3F9ACC561CFA19FE00A4A254 /* GTFApp.cpp in Sources */,
				3F9ACC5C1CFA19FE00A4A254 /* GTFWindowMac.mm in Sources */,
				3F8CFBCC1CF3904300A33B95 /* tiny_obj_loader.cc in Sources */,
				3F102EBB1CFC870100A11E17 /* GTFGradient.cpp in Sources */,
				3F8CFBBF1CF3904300A33B95 /* imgui_draw.cpp in Sources */,
				3F8CFBBC1CF3904300A33B95 /* imgui.cpp in Sources */,
				3F8CFBC71CF3904300A33B95 /* glad.c in Sources */,
				3F9ACC511CFA19FE00A4A254 /* GTFGUIGraphEditor.cpp in Sources */,
				3F102EC21CFCD8DF00A11E17 /* GTFLangUtils.cpp in Sources */,
				3F102EB41CFC828D00A11E17 /* GTFGUIGradientPicker.cpp in Sources */,
				3F9ACC5A1CFA19FE00A4A254 /* GTFWindow.cpp in Sources */,
				3F9ACC591CFA19FE00A4A254 /* GTFAppWin.cpp in Sources */,
				3F8CFBCE1CF3904300A33B95 /* tinyfiledialogs.c in Sources */,
				3F9ACC6E1CFB0CE200A4A254 /* GTFOpenGLRHI.cpp in Sources */,
			);
			runOnlyForDeploymentPostprocessing = 0;
		};
		3F8CFBE01CF3928800A33B95 /* Sources */ = {
			isa = PBXSourcesBuildPhase;
			buildActionMask = 2147483647;
			files = (
				3F9ACC711CFB2A8400A4A254 /* GeneratorWorker.cpp in Sources */,
				3F9ACC601CFB0BD800A4A254 /* PerlinNoise.cpp in Sources */,
				3F8CFC1B1CF793BA00A33B95 /* NoiseWindow.cpp in Sources */,
				3F8CFC181CF78AFA00A33B95 /* NoiseApp.cpp in Sources */,
				3F8CFBF31CF3935100A33B95 /* main.cpp in Sources */,
			);
			runOnlyForDeploymentPostprocessing = 0;
		};
/* End PBXSourcesBuildPhase section */

/* Begin XCBuildConfiguration section */
		3F2069511CED0F0300EB5FFA /* Debug */ = {
			isa = XCBuildConfiguration;
			buildSettings = {
				ALWAYS_SEARCH_USER_PATHS = NO;
				CLANG_CXX_LANGUAGE_STANDARD = "gnu++0x";
				CLANG_CXX_LIBRARY = "libc++";
				CLANG_ENABLE_MODULES = YES;
				CLANG_ENABLE_OBJC_ARC = NO;
				CLANG_WARN_BOOL_CONVERSION = YES;
				CLANG_WARN_CONSTANT_CONVERSION = YES;
				CLANG_WARN_DIRECT_OBJC_ISA_USAGE = YES_ERROR;
				CLANG_WARN_EMPTY_BODY = YES;
				CLANG_WARN_ENUM_CONVERSION = YES;
				CLANG_WARN_INT_CONVERSION = YES;
				CLANG_WARN_OBJC_ROOT_CLASS = YES_ERROR;
				CLANG_WARN__DUPLICATE_METHOD_MATCH = YES;
				COPY_PHASE_STRIP = NO;
				GCC_C_LANGUAGE_STANDARD = gnu99;
				GCC_DYNAMIC_NO_PIC = NO;
				GCC_ENABLE_OBJC_EXCEPTIONS = YES;
				GCC_OPTIMIZATION_LEVEL = 0;
				GCC_PREPROCESSOR_DEFINITIONS = (
					"DEBUG=1",
					"$(inherited)",
				);
				GCC_SYMBOLS_PRIVATE_EXTERN = NO;
				GCC_WARN_64_TO_32_BIT_CONVERSION = YES;
				GCC_WARN_ABOUT_RETURN_TYPE = YES_ERROR;
				GCC_WARN_UNDECLARED_SELECTOR = YES;
				GCC_WARN_UNINITIALIZED_AUTOS = YES_AGGRESSIVE;
				GCC_WARN_UNUSED_FUNCTION = YES;
				GCC_WARN_UNUSED_VARIABLE = YES;
				HEADER_SEARCH_PATHS = (
					"$(inherited)",
					/Applications/Xcode.app/Contents/Developer/Toolchains/XcodeDefault.xctoolchain/usr/include,
					../../src/thirdparty/glm,
					../../src/thirdparty/imgui,
					../../src/thirdparty/tinylibs,
					../../src/thirdparty/stb,
					../../external/FBX/2016.1.2/include,
					../../src/render,
					../../src/iosys,
					../../src/gui,
					../../src/utility,
				);
				MACOSX_DEPLOYMENT_TARGET = 10.9;
				OBJROOT = ../../intermediate;
				ONLY_ACTIVE_ARCH = YES;
				SDKROOT = macosx;
				SYMROOT = ../../bin;
			};
			name = Debug;
		};
		3F2069521CED0F0300EB5FFA /* Release */ = {
			isa = XCBuildConfiguration;
			buildSettings = {
				ALWAYS_SEARCH_USER_PATHS = NO;
				CLANG_CXX_LANGUAGE_STANDARD = "gnu++0x";
				CLANG_CXX_LIBRARY = "libc++";
				CLANG_ENABLE_MODULES = YES;
				CLANG_ENABLE_OBJC_ARC = NO;
				CLANG_WARN_BOOL_CONVERSION = YES;
				CLANG_WARN_CONSTANT_CONVERSION = YES;
				CLANG_WARN_DIRECT_OBJC_ISA_USAGE = YES_ERROR;
				CLANG_WARN_EMPTY_BODY = YES;
				CLANG_WARN_ENUM_CONVERSION = YES;
				CLANG_WARN_INT_CONVERSION = YES;
				CLANG_WARN_OBJC_ROOT_CLASS = YES_ERROR;
				CLANG_WARN__DUPLICATE_METHOD_MATCH = YES;
				COPY_PHASE_STRIP = YES;
				DEBUG_INFORMATION_FORMAT = "dwarf-with-dsym";
				ENABLE_NS_ASSERTIONS = NO;
				GCC_C_LANGUAGE_STANDARD = gnu99;
				GCC_ENABLE_OBJC_EXCEPTIONS = YES;
				GCC_WARN_64_TO_32_BIT_CONVERSION = YES;
				GCC_WARN_ABOUT_RETURN_TYPE = YES_ERROR;
				GCC_WARN_UNDECLARED_SELECTOR = YES;
				GCC_WARN_UNINITIALIZED_AUTOS = YES_AGGRESSIVE;
				GCC_WARN_UNUSED_FUNCTION = YES;
				GCC_WARN_UNUSED_VARIABLE = YES;
				HEADER_SEARCH_PATHS = (
					"$(inherited)",
					/Applications/Xcode.app/Contents/Developer/Toolchains/XcodeDefault.xctoolchain/usr/include,
					../../src/thirdparty/glm,
					../../src/thirdparty/imgui,
					../../src/thirdparty/tinylibs,
					../../src/thirdparty/stb,
					../../external/FBX/2016.1.2/include,
					../../src/render,
					../../src/iosys,
					../../src/gui,
					../../src/utility,
				);
				MACOSX_DEPLOYMENT_TARGET = 10.9;
				OBJROOT = ../../intermediate;
				SDKROOT = macosx;
				SYMROOT = ../../bin;
			};
			name = Release;
		};
		3F2069541CED0F0300EB5FFA /* Debug */ = {
			isa = XCBuildConfiguration;
			buildSettings = {
				EXECUTABLE_PREFIX = lib;
				HEADER_SEARCH_PATHS = (
					"$(inherited)",
					/Applications/Xcode.app/Contents/Developer/Toolchains/XcodeDefault.xctoolchain/usr/include,
					../../src/thirdparty/glm,
					../../src/thirdparty/imgui,
					../../src/thirdparty/tinylibs,
					../../src/thirdparty/stb,
					../../external/FBX/2016.1.2/include,
				);
				PRODUCT_NAME = "$(TARGET_NAME)";
			};
			name = Debug;
		};
		3F2069551CED0F0300EB5FFA /* Release */ = {
			isa = XCBuildConfiguration;
			buildSettings = {
				EXECUTABLE_PREFIX = lib;
				HEADER_SEARCH_PATHS = (
					"$(inherited)",
					/Applications/Xcode.app/Contents/Developer/Toolchains/XcodeDefault.xctoolchain/usr/include,
					../../src/thirdparty/glm,
					../../src/thirdparty/imgui,
					../../src/thirdparty/tinylibs,
					../../src/thirdparty/stb,
					../../external/FBX/2016.1.2/include,
				);
				ONLY_ACTIVE_ARCH = YES;
				PRODUCT_NAME = "$(TARGET_NAME)";
			};
			name = Release;
		};
		3F8CFBEB1CF3928900A33B95 /* Debug */ = {
			isa = XCBuildConfiguration;
			buildSettings = {
				GCC_PREPROCESSOR_DEFINITIONS = (
					"DEBUG=1",
					"$(inherited)",
				);
				HEADER_SEARCH_PATHS = (
					"$(inherited)",
					/Applications/Xcode.app/Contents/Developer/Toolchains/XcodeDefault.xctoolchain/usr/include,
					../../src/thirdparty/glm,
					../../src/thirdparty/imgui,
					../../src/thirdparty/tinylibs,
					../../src/thirdparty/stb,
					../../external/FBX/2016.1.2/include,
					../../src/gtf,
				);
				PRODUCT_NAME = "$(TARGET_NAME)";
			};
			name = Debug;
		};
		3F8CFBEC1CF3928900A33B95 /* Release */ = {
			isa = XCBuildConfiguration;
			buildSettings = {
				HEADER_SEARCH_PATHS = (
					"$(inherited)",
					/Applications/Xcode.app/Contents/Developer/Toolchains/XcodeDefault.xctoolchain/usr/include,
					../../src/thirdparty/glm,
					../../src/thirdparty/imgui,
					../../src/thirdparty/tinylibs,
					../../src/thirdparty/stb,
					../../external/FBX/2016.1.2/include,
					../../src/gtf,
				);
				ONLY_ACTIVE_ARCH = YES;
				PRODUCT_NAME = "$(TARGET_NAME)";
			};
			name = Release;
		};
/* End XCBuildConfiguration section */

/* Begin XCConfigurationList section */
		3F20694A1CED0F0300EB5FFA /* Build configuration list for PBXProject "gtf" */ = {
			isa = XCConfigurationList;
			buildConfigurations = (
				3F2069511CED0F0300EB5FFA /* Debug */,
				3F2069521CED0F0300EB5FFA /* Release */,
			);
			defaultConfigurationIsVisible = 0;
			defaultConfigurationName = Release;
		};
		3F2069531CED0F0300EB5FFA /* Build configuration list for PBXNativeTarget "gtf" */ = {
			isa = XCConfigurationList;
			buildConfigurations = (
				3F2069541CED0F0300EB5FFA /* Debug */,
				3F2069551CED0F0300EB5FFA /* Release */,
			);
			defaultConfigurationIsVisible = 0;
			defaultConfigurationName = Release;
		};
		3F8CFBEA1CF3928900A33B95 /* Build configuration list for PBXNativeTarget "NoiseGenerator" */ = {
			isa = XCConfigurationList;
			buildConfigurations = (
				3F8CFBEB1CF3928900A33B95 /* Debug */,
				3F8CFBEC1CF3928900A33B95 /* Release */,
			);
			defaultConfigurationIsVisible = 0;
			defaultConfigurationName = Release;
		};
/* End XCConfigurationList section */
	};
	rootObject = 3F2069471CED0F0300EB5FFA /* Project object */;
}
